
Microsoft Visual Studio Solution File, Format Version 12.00
# Visual Studio Version 17
VisualStudioVersion = 17.14.36511.14 d17.14
MinimumVisualStudioVersion = 10.0.40219.1
Project("{8BC9CEB8-8B4A-11D0-8D11-00A0C91BC942}") = "problem154", "problem154\problem154.vcxproj", "{3DF01285-C9B8-432C-80A3-CB71A9494AC7}"
EndProject
Global
	GlobalSection(SolutionConfigurationPlatforms) = preSolution
		Debug|x64 = Debug|x64
		Debug|x86 = Debug|x86
		Release|x64 = Release|x64
		Release|x86 = Release|x86
	EndGlobalSection
	GlobalSection(ProjectConfigurationPlatforms) = postSolution
		{3DF01285-C9B8-432C-80A3-CB71A9494AC7}.Debug|x64.ActiveCfg = Debug|x64
		{3DF01285-C9B8-432C-80A3-CB71A9494AC7}.Debug|x64.Build.0 = Debug|x64
		{3DF01285-C9B8-432C-80A3-CB71A9494AC7}.Debug|x86.ActiveCfg = Debug|Win32
		{3DF01285-C9B8-432C-80A3-CB71A9494AC7}.Debug|x86.Build.0 = Debug|Win32
		{3DF01285-C9B8-432C-80A3-CB71A9494AC7}.Release|x64.ActiveCfg = Release|x64
		{3DF01285-C9B8-432C-80A3-CB71A9494AC7}.Release|x64.Build.0 = Release|x64
		{3DF01285-C9B8-432C-80A3-CB71A9494AC7}.Release|x86.ActiveCfg = Release|Win32
		{3DF01285-C9B8-432C-80A3-CB71A9494AC7}.Release|x86.Build.0 = Release|Win32
	EndGlobalSection
	GlobalSection(SolutionProperties) = preSolution
		HideSolutionNode = FALSE
	EndGlobalSection
	GlobalSection(ExtensibilityGlobals) = postSolution
		SolutionGuid = {D495B597-D808-4675-A73A-03E8AE6938CF}
	EndGlobalSection
EndGlobal
