
Microsoft Visual Studio Solution File, Format Version 12.00
# Visual Studio Version 17
VisualStudioVersion = 17.14.36511.14
MinimumVisualStudioVersion = 10.0.40219.1
Project("{8BC9CEB8-8B4A-11D0-8D11-00A0C91BC942}") = "Project1", "Project1\Project1.vcxproj", "{C1769870-5C90-4D96-88BC-08E0FECCD06D}"
EndProject
Project("{8BC9CEB8-8B4A-11D0-8D11-00A0C91BC942}") = "Project2", "Project2\Project2.vcxproj", "{970B7DDE-8DE8-4CE3-9482-E7996C6E318A}"
EndProject
Project("{8BC9CEB8-8B4A-11D0-8D11-00A0C91BC942}") = "Project3", "Project3\Project3.vcxproj", "{AF976301-8522-46DC-8F24-A6DB68A0ABB0}"
EndProject
Project("{8BC9CEB8-8B4A-11D0-8D11-00A0C91BC942}") = "Project4", "Project4\Project4.vcxproj", "{DB65E0C8-88D4-4762-87B7-631C36238A27}"
EndProject
Project("{8BC9CEB8-8B4A-11D0-8D11-00A0C91BC942}") = "Project5", "Project5\Project5.vcxproj", "{3A110925-6856-414F-90DC-3746EAA92C5C}"
EndProject
Project("{8BC9CEB8-8B4A-11D0-8D11-00A0C91BC942}") = "Project6", "Project6\Project6.vcxproj", "{ABC92083-9FA3-4793-B18C-AA5B59B78882}"
EndProject
Project("{8BC9CEB8-8B4A-11D0-8D11-00A0C91BC942}") = "Project7", "Project7\Project7.vcxproj", "{495D7352-AC45-4917-B23C-C9DEE44A2535}"
EndProject
Project("{8BC9CEB8-8B4A-11D0-8D11-00A0C91BC942}") = "Project8", "Project8\Project8.vcxproj", "{7E36DDC5-31E8-423A-BC22-DAC89E317E95}"
EndProject
Project("{8BC9CEB8-8B4A-11D0-8D11-00A0C91BC942}") = "Project9", "Project9\Project9.vcxproj", "{BDCD86BE-FF53-4A4D-91A7-0CD659D8212E}"
EndProject
Project("{8BC9CEB8-8B4A-11D0-8D11-00A0C91BC942}") = "Project10", "Project10\Project10.vcxproj", "{82288039-D2D1-43F3-98A9-9A4D8E1F4B6F}"
EndProject
Project("{8BC9CEB8-8B4A-11D0-8D11-00A0C91BC942}") = "Project11", "Project11\Project11.vcxproj", "{71E52320-23B9-4A99-9CED-4C80FFB6A615}"
EndProject
Project("{8BC9CEB8-8B4A-11D0-8D11-00A0C91BC942}") = "Project12", "Project12\Project12.vcxproj", "{9FBA1028-68F1-4B05-8551-018AFAC8221A}"
EndProject
Project("{8BC9CEB8-8B4A-11D0-8D11-00A0C91BC942}") = "Project13", "Project13\Project13.vcxproj", "{B9553EBC-3D23-4F5A-9CB7-23B1730520C1}"
EndProject
Project("{8BC9CEB8-8B4A-11D0-8D11-00A0C91BC942}") = "Project14", "Project14\Project14.vcxproj", "{6C8850A9-B7C8-42E7-985D-3A0D0D5D6104}"
EndProject
Project("{8BC9CEB8-8B4A-11D0-8D11-00A0C91BC942}") = "Project15", "Project15\Project15.vcxproj", "{838B708F-B1C7-4158-AC34-2C1E94644B0D}"
EndProject
Project("{8BC9CEB8-8B4A-11D0-8D11-00A0C91BC942}") = "Project16", "Project16\Project16.vcxproj", "{E96F6211-C847-44D9-88A0-3738B5200ED4}"
EndProject
Project("{8BC9CEB8-8B4A-11D0-8D11-00A0C91BC942}") = "Project17", "Project17\Project17.vcxproj", "{ADA5AC06-8A20-49DA-8EBD-4271C1017D36}"
EndProject
Project("{8BC9CEB8-8B4A-11D0-8D11-00A0C91BC942}") = "Project18", "Project18\Project18.vcxproj", "{A75ED1E8-6145-4027-8FFB-0C1EA715BD01}"
EndProject
Project("{8BC9CEB8-8B4A-11D0-8D11-00A0C91BC942}") = "Project19", "Project19\Project19.vcxproj", "{7431EE23-0B4D-4427-969C-C6A25DDEEB73}"
EndProject
Project("{8BC9CEB8-8B4A-11D0-8D11-00A0C91BC942}") = "Project20", "Project20\Project20.vcxproj", "{807A54F2-93D8-42A8-ADEE-DA5BA495EBE5}"
EndProject
Project("{8BC9CEB8-8B4A-11D0-8D11-00A0C91BC942}") = "Project21", "Project21\Project21.vcxproj", "{EDD81786-8622-4CDD-B100-582B304C8433}"
EndProject
Project("{8BC9CEB8-8B4A-11D0-8D11-00A0C91BC942}") = "Project22", "Project22\Project22.vcxproj", "{24F4B763-3F71-4C28-B6C7-1B558CD1A8C3}"
EndProject
Global
	GlobalSection(SolutionConfigurationPlatforms) = preSolution
		Debug|x64 = Debug|x64
		Debug|x86 = Debug|x86
		Release|x64 = Release|x64
		Release|x86 = Release|x86
	EndGlobalSection
	GlobalSection(ProjectConfigurationPlatforms) = postSolution
		{C1769870-5C90-4D96-88BC-08E0FECCD06D}.Debug|x64.ActiveCfg = Debug|x64
		{C1769870-5C90-4D96-88BC-08E0FECCD06D}.Debug|x64.Build.0 = Debug|x64
		{C1769870-5C90-4D96-88BC-08E0FECCD06D}.Debug|x86.ActiveCfg = Debug|Win32
		{C1769870-5C90-4D96-88BC-08E0FECCD06D}.Debug|x86.Build.0 = Debug|Win32
		{C1769870-5C90-4D96-88BC-08E0FECCD06D}.Release|x64.ActiveCfg = Release|x64
		{C1769870-5C90-4D96-88BC-08E0FECCD06D}.Release|x64.Build.0 = Release|x64
		{C1769870-5C90-4D96-88BC-08E0FECCD06D}.Release|x86.ActiveCfg = Release|Win32
		{C1769870-5C90-4D96-88BC-08E0FECCD06D}.Release|x86.Build.0 = Release|Win32
		{970B7DDE-8DE8-4CE3-9482-E7996C6E318A}.Debug|x64.ActiveCfg = Debug|x64
		{970B7DDE-8DE8-4CE3-9482-E7996C6E318A}.Debug|x64.Build.0 = Debug|x64
		{970B7DDE-8DE8-4CE3-9482-E7996C6E318A}.Debug|x86.ActiveCfg = Debug|Win32
		{970B7DDE-8DE8-4CE3-9482-E7996C6E318A}.Debug|x86.Build.0 = Debug|Win32
		{970B7DDE-8DE8-4CE3-9482-E7996C6E318A}.Release|x64.ActiveCfg = Release|x64
		{970B7DDE-8DE8-4CE3-9482-E7996C6E318A}.Release|x64.Build.0 = Release|x64
		{970B7DDE-8DE8-4CE3-9482-E7996C6E318A}.Release|x86.ActiveCfg = Release|Win32
		{970B7DDE-8DE8-4CE3-9482-E7996C6E318A}.Release|x86.Build.0 = Release|Win32
		{AF976301-8522-46DC-8F24-A6DB68A0ABB0}.Debug|x64.ActiveCfg = Debug|x64
		{AF976301-8522-46DC-8F24-A6DB68A0ABB0}.Debug|x64.Build.0 = Debug|x64
		{AF976301-8522-46DC-8F24-A6DB68A0ABB0}.Debug|x86.ActiveCfg = Debug|Win32
		{AF976301-8522-46DC-8F24-A6DB68A0ABB0}.Debug|x86.Build.0 = Debug|Win32
		{AF976301-8522-46DC-8F24-A6DB68A0ABB0}.Release|x64.ActiveCfg = Release|x64
		{AF976301-8522-46DC-8F24-A6DB68A0ABB0}.Release|x64.Build.0 = Release|x64
		{AF976301-8522-46DC-8F24-A6DB68A0ABB0}.Release|x86.ActiveCfg = Release|Win32
		{AF976301-8522-46DC-8F24-A6DB68A0ABB0}.Release|x86.Build.0 = Release|Win32
		{DB65E0C8-88D4-4762-87B7-631C36238A27}.Debug|x64.ActiveCfg = Debug|x64
		{DB65E0C8-88D4-4762-87B7-631C36238A27}.Debug|x64.Build.0 = Debug|x64
		{DB65E0C8-88D4-4762-87B7-631C36238A27}.Debug|x86.ActiveCfg = Debug|Win32
		{DB65E0C8-88D4-4762-87B7-631C36238A27}.Debug|x86.Build.0 = Debug|Win32
		{DB65E0C8-88D4-4762-87B7-631C36238A27}.Release|x64.ActiveCfg = Release|x64
		{DB65E0C8-88D4-4762-87B7-631C36238A27}.Release|x64.Build.0 = Release|x64
		{DB65E0C8-88D4-4762-87B7-631C36238A27}.Release|x86.ActiveCfg = Release|Win32
		{DB65E0C8-88D4-4762-87B7-631C36238A27}.Release|x86.Build.0 = Release|Win32
		{3A110925-6856-414F-90DC-3746EAA92C5C}.Debug|x64.ActiveCfg = Debug|x64
		{3A110925-6856-414F-90DC-3746EAA92C5C}.Debug|x64.Build.0 = Debug|x64
		{3A110925-6856-414F-90DC-3746EAA92C5C}.Debug|x86.ActiveCfg = Debug|Win32
		{3A110925-6856-414F-90DC-3746EAA92C5C}.Debug|x86.Build.0 = Debug|Win32
		{3A110925-6856-414F-90DC-3746EAA92C5C}.Release|x64.ActiveCfg = Release|x64
		{3A110925-6856-414F-90DC-3746EAA92C5C}.Release|x64.Build.0 = Release|x64
		{3A110925-6856-414F-90DC-3746EAA92C5C}.Release|x86.ActiveCfg = Release|Win32
		{3A110925-6856-414F-90DC-3746EAA92C5C}.Release|x86.Build.0 = Release|Win32
		{ABC92083-9FA3-4793-B18C-AA5B59B78882}.Debug|x64.ActiveCfg = Debug|x64
		{ABC92083-9FA3-4793-B18C-AA5B59B78882}.Debug|x64.Build.0 = Debug|x64
		{ABC92083-9FA3-4793-B18C-AA5B59B78882}.Debug|x86.ActiveCfg = Debug|Win32
		{ABC92083-9FA3-4793-B18C-AA5B59B78882}.Debug|x86.Build.0 = Debug|Win32
		{ABC92083-9FA3-4793-B18C-AA5B59B78882}.Release|x64.ActiveCfg = Release|x64
		{ABC92083-9FA3-4793-B18C-AA5B59B78882}.Release|x64.Build.0 = Release|x64
		{ABC92083-9FA3-4793-B18C-AA5B59B78882}.Release|x86.ActiveCfg = Release|Win32
		{ABC92083-9FA3-4793-B18C-AA5B59B78882}.Release|x86.Build.0 = Release|Win32
		{495D7352-AC45-4917-B23C-C9DEE44A2535}.Debug|x64.ActiveCfg = Debug|x64
		{495D7352-AC45-4917-B23C-C9DEE44A2535}.Debug|x64.Build.0 = Debug|x64
		{495D7352-AC45-4917-B23C-C9DEE44A2535}.Debug|x86.ActiveCfg = Debug|Win32
		{495D7352-AC45-4917-B23C-C9DEE44A2535}.Debug|x86.Build.0 = Debug|Win32
		{495D7352-AC45-4917-B23C-C9DEE44A2535}.Release|x64.ActiveCfg = Release|x64
		{495D7352-AC45-4917-B23C-C9DEE44A2535}.Release|x64.Build.0 = Release|x64
		{495D7352-AC45-4917-B23C-C9DEE44A2535}.Release|x86.ActiveCfg = Release|Win32
		{495D7352-AC45-4917-B23C-C9DEE44A2535}.Release|x86.Build.0 = Release|Win32
		{7E36DDC5-31E8-423A-BC22-DAC89E317E95}.Debug|x64.ActiveCfg = Debug|x64
		{7E36DDC5-31E8-423A-BC22-DAC89E317E95}.Debug|x64.Build.0 = Debug|x64
		{7E36DDC5-31E8-423A-BC22-DAC89E317E95}.Debug|x86.ActiveCfg = Debug|Win32
		{7E36DDC5-31E8-423A-BC22-DAC89E317E95}.Debug|x86.Build.0 = Debug|Win32
		{7E36DDC5-31E8-423A-BC22-DAC89E317E95}.Release|x64.ActiveCfg = Release|x64
		{7E36DDC5-31E8-423A-BC22-DAC89E317E95}.Release|x64.Build.0 = Release|x64
		{7E36DDC5-31E8-423A-BC22-DAC89E317E95}.Release|x86.ActiveCfg = Release|Win32
		{7E36DDC5-31E8-423A-BC22-DAC89E317E95}.Release|x86.Build.0 = Release|Win32
		{BDCD86BE-FF53-4A4D-91A7-0CD659D8212E}.Debug|x64.ActiveCfg = Debug|x64
		{BDCD86BE-FF53-4A4D-91A7-0CD659D8212E}.Debug|x64.Build.0 = Debug|x64
		{BDCD86BE-FF53-4A4D-91A7-0CD659D8212E}.Debug|x86.ActiveCfg = Debug|Win32
		{BDCD86BE-FF53-4A4D-91A7-0CD659D8212E}.Debug|x86.Build.0 = Debug|Win32
		{BDCD86BE-FF53-4A4D-91A7-0CD659D8212E}.Release|x64.ActiveCfg = Release|x64
		{BDCD86BE-FF53-4A4D-91A7-0CD659D8212E}.Release|x64.Build.0 = Release|x64
		{BDCD86BE-FF53-4A4D-91A7-0CD659D8212E}.Release|x86.ActiveCfg = Release|Win32
		{BDCD86BE-FF53-4A4D-91A7-0CD659D8212E}.Release|x86.Build.0 = Release|Win32
		{82288039-D2D1-43F3-98A9-9A4D8E1F4B6F}.Debug|x64.ActiveCfg = Debug|x64
		{82288039-D2D1-43F3-98A9-9A4D8E1F4B6F}.Debug|x64.Build.0 = Debug|x64
		{82288039-D2D1-43F3-98A9-9A4D8E1F4B6F}.Debug|x86.ActiveCfg = Debug|Win32
		{82288039-D2D1-43F3-98A9-9A4D8E1F4B6F}.Debug|x86.Build.0 = Debug|Win32
		{82288039-D2D1-43F3-98A9-9A4D8E1F4B6F}.Release|x64.ActiveCfg = Release|x64
		{82288039-D2D1-43F3-98A9-9A4D8E1F4B6F}.Release|x64.Build.0 = Release|x64
		{82288039-D2D1-43F3-98A9-9A4D8E1F4B6F}.Release|x86.ActiveCfg = Release|Win32
		{82288039-D2D1-43F3-98A9-9A4D8E1F4B6F}.Release|x86.Build.0 = Release|Win32
		{71E52320-23B9-4A99-9CED-4C80FFB6A615}.Debug|x64.ActiveCfg = Debug|x64
		{71E52320-23B9-4A99-9CED-4C80FFB6A615}.Debug|x64.Build.0 = Debug|x64
		{71E52320-23B9-4A99-9CED-4C80FFB6A615}.Debug|x86.ActiveCfg = Debug|Win32
		{71E52320-23B9-4A99-9CED-4C80FFB6A615}.Debug|x86.Build.0 = Debug|Win32
		{71E52320-23B9-4A99-9CED-4C80FFB6A615}.Release|x64.ActiveCfg = Release|x64
		{71E52320-23B9-4A99-9CED-4C80FFB6A615}.Release|x64.Build.0 = Release|x64
		{71E52320-23B9-4A99-9CED-4C80FFB6A615}.Release|x86.ActiveCfg = Release|Win32
		{71E52320-23B9-4A99-9CED-4C80FFB6A615}.Release|x86.Build.0 = Release|Win32
		{9FBA1028-68F1-4B05-8551-018AFAC8221A}.Debug|x64.ActiveCfg = Debug|x64
		{9FBA1028-68F1-4B05-8551-018AFAC8221A}.Debug|x64.Build.0 = Debug|x64
		{9FBA1028-68F1-4B05-8551-018AFAC8221A}.Debug|x86.ActiveCfg = Debug|Win32
		{9FBA1028-68F1-4B05-8551-018AFAC8221A}.Debug|x86.Build.0 = Debug|Win32
		{9FBA1028-68F1-4B05-8551-018AFAC8221A}.Release|x64.ActiveCfg = Release|x64
		{9FBA1028-68F1-4B05-8551-018AFAC8221A}.Release|x64.Build.0 = Release|x64
		{9FBA1028-68F1-4B05-8551-018AFAC8221A}.Release|x86.ActiveCfg = Release|Win32
		{9FBA1028-68F1-4B05-8551-018AFAC8221A}.Release|x86.Build.0 = Release|Win32
		{B9553EBC-3D23-4F5A-9CB7-23B1730520C1}.Debug|x64.ActiveCfg = Debug|x64
		{B9553EBC-3D23-4F5A-9CB7-23B1730520C1}.Debug|x64.Build.0 = Debug|x64
		{B9553EBC-3D23-4F5A-9CB7-23B1730520C1}.Debug|x86.ActiveCfg = Debug|Win32
		{B9553EBC-3D23-4F5A-9CB7-23B1730520C1}.Debug|x86.Build.0 = Debug|Win32
		{B9553EBC-3D23-4F5A-9CB7-23B1730520C1}.Release|x64.ActiveCfg = Release|x64
		{B9553EBC-3D23-4F5A-9CB7-23B1730520C1}.Release|x64.Build.0 = Release|x64
		{B9553EBC-3D23-4F5A-9CB7-23B1730520C1}.Release|x86.ActiveCfg = Release|Win32
		{B9553EBC-3D23-4F5A-9CB7-23B1730520C1}.Release|x86.Build.0 = Release|Win32
		{6C8850A9-B7C8-42E7-985D-3A0D0D5D6104}.Debug|x64.ActiveCfg = Debug|x64
		{6C8850A9-B7C8-42E7-985D-3A0D0D5D6104}.Debug|x64.Build.0 = Debug|x64
		{6C8850A9-B7C8-42E7-985D-3A0D0D5D6104}.Debug|x86.ActiveCfg = Debug|Win32
		{6C8850A9-B7C8-42E7-985D-3A0D0D5D6104}.Debug|x86.Build.0 = Debug|Win32
		{6C8850A9-B7C8-42E7-985D-3A0D0D5D6104}.Release|x64.ActiveCfg = Release|x64
		{6C8850A9-B7C8-42E7-985D-3A0D0D5D6104}.Release|x64.Build.0 = Release|x64
		{6C8850A9-B7C8-42E7-985D-3A0D0D5D6104}.Release|x86.ActiveCfg = Release|Win32
		{6C8850A9-B7C8-42E7-985D-3A0D0D5D6104}.Release|x86.Build.0 = Release|Win32
		{838B708F-B1C7-4158-AC34-2C1E94644B0D}.Debug|x64.ActiveCfg = Debug|x64
		{838B708F-B1C7-4158-AC34-2C1E94644B0D}.Debug|x64.Build.0 = Debug|x64
		{838B708F-B1C7-4158-AC34-2C1E94644B0D}.Debug|x86.ActiveCfg = Debug|Win32
		{838B708F-B1C7-4158-AC34-2C1E94644B0D}.Debug|x86.Build.0 = Debug|Win32
		{838B708F-B1C7-4158-AC34-2C1E94644B0D}.Release|x64.ActiveCfg = Release|x64
		{838B708F-B1C7-4158-AC34-2C1E94644B0D}.Release|x64.Build.0 = Release|x64
		{838B708F-B1C7-4158-AC34-2C1E94644B0D}.Release|x86.ActiveCfg = Release|Win32
		{838B708F-B1C7-4158-AC34-2C1E94644B0D}.Release|x86.Build.0 = Release|Win32
		{E96F6211-C847-44D9-88A0-3738B5200ED4}.Debug|x64.ActiveCfg = Debug|x64
		{E96F6211-C847-44D9-88A0-3738B5200ED4}.Debug|x64.Build.0 = Debug|x64
		{E96F6211-C847-44D9-88A0-3738B5200ED4}.Debug|x86.ActiveCfg = Debug|Win32
		{E96F6211-C847-44D9-88A0-3738B5200ED4}.Debug|x86.Build.0 = Debug|Win32
		{E96F6211-C847-44D9-88A0-3738B5200ED4}.Release|x64.ActiveCfg = Release|x64
		{E96F6211-C847-44D9-88A0-3738B5200ED4}.Release|x64.Build.0 = Release|x64
		{E96F6211-C847-44D9-88A0-3738B5200ED4}.Release|x86.ActiveCfg = Release|Win32
		{E96F6211-C847-44D9-88A0-3738B5200ED4}.Release|x86.Build.0 = Release|Win32
		{ADA5AC06-8A20-49DA-8EBD-4271C1017D36}.Debug|x64.ActiveCfg = Debug|x64
		{ADA5AC06-8A20-49DA-8EBD-4271C1017D36}.Debug|x64.Build.0 = Debug|x64
		{ADA5AC06-8A20-49DA-8EBD-4271C1017D36}.Debug|x86.ActiveCfg = Debug|Win32
		{ADA5AC06-8A20-49DA-8EBD-4271C1017D36}.Debug|x86.Build.0 = Debug|Win32
		{ADA5AC06-8A20-49DA-8EBD-4271C1017D36}.Release|x64.ActiveCfg = Release|x64
		{ADA5AC06-8A20-49DA-8EBD-4271C1017D36}.Release|x64.Build.0 = Release|x64
		{ADA5AC06-8A20-49DA-8EBD-4271C1017D36}.Release|x86.ActiveCfg = Release|Win32
		{ADA5AC06-8A20-49DA-8EBD-4271C1017D36}.Release|x86.Build.0 = Release|Win32
		{A75ED1E8-6145-4027-8FFB-0C1EA715BD01}.Debug|x64.ActiveCfg = Debug|x64
		{A75ED1E8-6145-4027-8FFB-0C1EA715BD01}.Debug|x64.Build.0 = Debug|x64
		{A75ED1E8-6145-4027-8FFB-0C1EA715BD01}.Debug|x86.ActiveCfg = Debug|Win32
		{A75ED1E8-6145-4027-8FFB-0C1EA715BD01}.Debug|x86.Build.0 = Debug|Win32
		{A75ED1E8-6145-4027-8FFB-0C1EA715BD01}.Release|x64.ActiveCfg = Release|x64
		{A75ED1E8-6145-4027-8FFB-0C1EA715BD01}.Release|x64.Build.0 = Release|x64
		{A75ED1E8-6145-4027-8FFB-0C1EA715BD01}.Release|x86.ActiveCfg = Release|Win32
		{A75ED1E8-6145-4027-8FFB-0C1EA715BD01}.Release|x86.Build.0 = Release|Win32
		{7431EE23-0B4D-4427-969C-C6A25DDEEB73}.Debug|x64.ActiveCfg = Debug|x64
		{7431EE23-0B4D-4427-969C-C6A25DDEEB73}.Debug|x64.Build.0 = Debug|x64
		{7431EE23-0B4D-4427-969C-C6A25DDEEB73}.Debug|x86.ActiveCfg = Debug|Win32
		{7431EE23-0B4D-4427-969C-C6A25DDEEB73}.Debug|x86.Build.0 = Debug|Win32
		{7431EE23-0B4D-4427-969C-C6A25DDEEB73}.Release|x64.ActiveCfg = Release|x64
		{7431EE23-0B4D-4427-969C-C6A25DDEEB73}.Release|x64.Build.0 = Release|x64
		{7431EE23-0B4D-4427-969C-C6A25DDEEB73}.Release|x86.ActiveCfg = Release|Win32
		{7431EE23-0B4D-4427-969C-C6A25DDEEB73}.Release|x86.Build.0 = Release|Win32
		{807A54F2-93D8-42A8-ADEE-DA5BA495EBE5}.Debug|x64.ActiveCfg = Debug|x64
		{807A54F2-93D8-42A8-ADEE-DA5BA495EBE5}.Debug|x64.Build.0 = Debug|x64
		{807A54F2-93D8-42A8-ADEE-DA5BA495EBE5}.Debug|x86.ActiveCfg = Debug|Win32
		{807A54F2-93D8-42A8-ADEE-DA5BA495EBE5}.Debug|x86.Build.0 = Debug|Win32
		{807A54F2-93D8-42A8-ADEE-DA5BA495EBE5}.Release|x64.ActiveCfg = Release|x64
		{807A54F2-93D8-42A8-ADEE-DA5BA495EBE5}.Release|x64.Build.0 = Release|x64
		{807A54F2-93D8-42A8-ADEE-DA5BA495EBE5}.Release|x86.ActiveCfg = Release|Win32
		{807A54F2-93D8-42A8-ADEE-DA5BA495EBE5}.Release|x86.Build.0 = Release|Win32
		{EDD81786-8622-4CDD-B100-582B304C8433}.Debug|x64.ActiveCfg = Debug|x64
		{EDD81786-8622-4CDD-B100-582B304C8433}.Debug|x64.Build.0 = Debug|x64
		{EDD81786-8622-4CDD-B100-582B304C8433}.Debug|x86.ActiveCfg = Debug|Win32
		{EDD81786-8622-4CDD-B100-582B304C8433}.Debug|x86.Build.0 = Debug|Win32
		{EDD81786-8622-4CDD-B100-582B304C8433}.Release|x64.ActiveCfg = Release|x64
		{EDD81786-8622-4CDD-B100-582B304C8433}.Release|x64.Build.0 = Release|x64
		{EDD81786-8622-4CDD-B100-582B304C8433}.Release|x86.ActiveCfg = Release|Win32
		{EDD81786-8622-4CDD-B100-582B304C8433}.Release|x86.Build.0 = Release|Win32
		{24F4B763-3F71-4C28-B6C7-1B558CD1A8C3}.Debug|x64.ActiveCfg = Debug|x64
		{24F4B763-3F71-4C28-B6C7-1B558CD1A8C3}.Debug|x64.Build.0 = Debug|x64
		{24F4B763-3F71-4C28-B6C7-1B558CD1A8C3}.Debug|x86.ActiveCfg = Debug|Win32
		{24F4B763-3F71-4C28-B6C7-1B558CD1A8C3}.Debug|x86.Build.0 = Debug|Win32
		{24F4B763-3F71-4C28-B6C7-1B558CD1A8C3}.Release|x64.ActiveCfg = Release|x64
		{24F4B763-3F71-4C28-B6C7-1B558CD1A8C3}.Release|x64.Build.0 = Release|x64
		{24F4B763-3F71-4C28-B6C7-1B558CD1A8C3}.Release|x86.ActiveCfg = Release|Win32
		{24F4B763-3F71-4C28-B6C7-1B558CD1A8C3}.Release|x86.Build.0 = Release|Win32
	EndGlobalSection
	GlobalSection(SolutionProperties) = preSolution
		HideSolutionNode = FALSE
	EndGlobalSection
	GlobalSection(ExtensibilityGlobals) = postSolution
		SolutionGuid = {2B6DADCB-D277-4DCA-B580-6C75AB06ED25}
	EndGlobalSection
EndGlobal
