
Microsoft Visual Studio Solution File, Format Version 12.00
# Visual Studio Version 17
VisualStudioVersion = 17.14.36511.14 d17.14
MinimumVisualStudioVersion = 10.0.40219.1
Project("{8BC9CEB8-8B4A-11D0-8D11-00A0C91BC942}") = "ConsoleApplication2", "ConsoleApplication2\ConsoleApplication2.vcxproj", "{250F59D0-8B1F-4C52-A018-0D2BD6700547}"
EndProject
Global
	GlobalSection(SolutionConfigurationPlatforms) = preSolution
		Debug|x64 = Debug|x64
		Debug|x86 = Debug|x86
		Release|x64 = Release|x64
		Release|x86 = Release|x86
	EndGlobalSection
	GlobalSection(ProjectConfigurationPlatforms) = postSolution
		{250F59D0-8B1F-4C52-A018-0D2BD6700547}.Debug|x64.ActiveCfg = Debug|x64
		{250F59D0-8B1F-4C52-A018-0D2BD6700547}.Debug|x64.Build.0 = Debug|x64
		{250F59D0-8B1F-4C52-A018-0D2BD6700547}.Debug|x86.ActiveCfg = Debug|Win32
		{250F59D0-8B1F-4C52-A018-0D2BD6700547}.Debug|x86.Build.0 = Debug|Win32
		{250F59D0-8B1F-4C52-A018-0D2BD6700547}.Release|x64.ActiveCfg = Release|x64
		{250F59D0-8B1F-4C52-A018-0D2BD6700547}.Release|x64.Build.0 = Release|x64
		{250F59D0-8B1F-4C52-A018-0D2BD6700547}.Release|x86.ActiveCfg = Release|Win32
		{250F59D0-8B1F-4C52-A018-0D2BD6700547}.Release|x86.Build.0 = Release|Win32
	EndGlobalSection
	GlobalSection(SolutionProperties) = preSolution
		HideSolutionNode = FALSE
	EndGlobalSection
	GlobalSection(ExtensibilityGlobals) = postSolution
		SolutionGuid = {5A0D04A7-612A-43B7-B1D7-BE0ADBD2D068}
	EndGlobalSection
EndGlobal
