
Microsoft Visual Studio Solution File, Format Version 12.00
# Visual Studio Version 17
VisualStudioVersion = 17.14.36511.14
MinimumVisualStudioVersion = 10.0.40219.1
Project("{8BC9CEB8-8B4A-11D0-8D11-00A0C91BC942}") = "Project1", "Project1\Project1.vcxproj", "{7905760E-DE2B-4AAD-BD75-C42E50A20DC5}"
EndProject
Project("{8BC9CEB8-8B4A-11D0-8D11-00A0C91BC942}") = "Project2", "Project2\Project2.vcxproj", "{F5319E3A-BF31-439D-AFAC-28889C1437F4}"
EndProject
Project("{8BC9CEB8-8B4A-11D0-8D11-00A0C91BC942}") = "Project5 (discr)", "Project5 (discr)\Project5 (discr).vcxproj", "{BE599005-DF44-4082-A7EC-03F06DEAB294}"
EndProject
Project("{8BC9CEB8-8B4A-11D0-8D11-00A0C91BC942}") = "Project3", "Project3\Project3.vcxproj", "{DBF59A8C-A0DE-4B40-B13F-20FA32298960}"
EndProject
Project("{8BC9CEB8-8B4A-11D0-8D11-00A0C91BC942}") = "Project4", "Project4\Project4.vcxproj", "{4866E386-3F59-4A55-92EF-DCE7B0D231BD}"
EndProject
Project("{8BC9CEB8-8B4A-11D0-8D11-00A0C91BC942}") = "Project6", "Project6\Project6.vcxproj", "{838B41FC-DF89-43CF-AADF-6EE852F118B6}"
EndProject
Project("{8BC9CEB8-8B4A-11D0-8D11-00A0C91BC942}") = "Project7", "Project7\Project7.vcxproj", "{A9961349-28DB-4835-8524-9011573DF156}"
EndProject
Project("{8BC9CEB8-8B4A-11D0-8D11-00A0C91BC942}") = "Project8", "Project8\Project8.vcxproj", "{995403C7-4E74-4914-90F4-B085A5008B76}"
EndProject
Global
	GlobalSection(SolutionConfigurationPlatforms) = preSolution
		Debug|x64 = Debug|x64
		Debug|x86 = Debug|x86
		Release|x64 = Release|x64
		Release|x86 = Release|x86
	EndGlobalSection
	GlobalSection(ProjectConfigurationPlatforms) = postSolution
		{7905760E-DE2B-4AAD-BD75-C42E50A20DC5}.Debug|x64.ActiveCfg = Debug|x64
		{7905760E-DE2B-4AAD-BD75-C42E50A20DC5}.Debug|x64.Build.0 = Debug|x64
		{7905760E-DE2B-4AAD-BD75-C42E50A20DC5}.Debug|x86.ActiveCfg = Debug|Win32
		{7905760E-DE2B-4AAD-BD75-C42E50A20DC5}.Debug|x86.Build.0 = Debug|Win32
		{7905760E-DE2B-4AAD-BD75-C42E50A20DC5}.Release|x64.ActiveCfg = Release|x64
		{7905760E-DE2B-4AAD-BD75-C42E50A20DC5}.Release|x64.Build.0 = Release|x64
		{7905760E-DE2B-4AAD-BD75-C42E50A20DC5}.Release|x86.ActiveCfg = Release|Win32
		{7905760E-DE2B-4AAD-BD75-C42E50A20DC5}.Release|x86.Build.0 = Release|Win32
		{F5319E3A-BF31-439D-AFAC-28889C1437F4}.Debug|x64.ActiveCfg = Debug|x64
		{F5319E3A-BF31-439D-AFAC-28889C1437F4}.Debug|x64.Build.0 = Debug|x64
		{F5319E3A-BF31-439D-AFAC-28889C1437F4}.Debug|x86.ActiveCfg = Debug|Win32
		{F5319E3A-BF31-439D-AFAC-28889C1437F4}.Debug|x86.Build.0 = Debug|Win32
		{F5319E3A-BF31-439D-AFAC-28889C1437F4}.Release|x64.ActiveCfg = Release|x64
		{F5319E3A-BF31-439D-AFAC-28889C1437F4}.Release|x64.Build.0 = Release|x64
		{F5319E3A-BF31-439D-AFAC-28889C1437F4}.Release|x86.ActiveCfg = Release|Win32
		{F5319E3A-BF31-439D-AFAC-28889C1437F4}.Release|x86.Build.0 = Release|Win32
		{BE599005-DF44-4082-A7EC-03F06DEAB294}.Debug|x64.ActiveCfg = Debug|x64
		{BE599005-DF44-4082-A7EC-03F06DEAB294}.Debug|x64.Build.0 = Debug|x64
		{BE599005-DF44-4082-A7EC-03F06DEAB294}.Debug|x86.ActiveCfg = Debug|Win32
		{BE599005-DF44-4082-A7EC-03F06DEAB294}.Debug|x86.Build.0 = Debug|Win32
		{BE599005-DF44-4082-A7EC-03F06DEAB294}.Release|x64.ActiveCfg = Release|x64
		{BE599005-DF44-4082-A7EC-03F06DEAB294}.Release|x64.Build.0 = Release|x64
		{BE599005-DF44-4082-A7EC-03F06DEAB294}.Release|x86.ActiveCfg = Release|Win32
		{BE599005-DF44-4082-A7EC-03F06DEAB294}.Release|x86.Build.0 = Release|Win32
		{DBF59A8C-A0DE-4B40-B13F-20FA32298960}.Debug|x64.ActiveCfg = Debug|x64
		{DBF59A8C-A0DE-4B40-B13F-20FA32298960}.Debug|x64.Build.0 = Debug|x64
		{DBF59A8C-A0DE-4B40-B13F-20FA32298960}.Debug|x86.ActiveCfg = Debug|Win32
		{DBF59A8C-A0DE-4B40-B13F-20FA32298960}.Debug|x86.Build.0 = Debug|Win32
		{DBF59A8C-A0DE-4B40-B13F-20FA32298960}.Release|x64.ActiveCfg = Release|x64
		{DBF59A8C-A0DE-4B40-B13F-20FA32298960}.Release|x64.Build.0 = Release|x64
		{DBF59A8C-A0DE-4B40-B13F-20FA32298960}.Release|x86.ActiveCfg = Release|Win32
		{DBF59A8C-A0DE-4B40-B13F-20FA32298960}.Release|x86.Build.0 = Release|Win32
		{4866E386-3F59-4A55-92EF-DCE7B0D231BD}.Debug|x64.ActiveCfg = Debug|x64
		{4866E386-3F59-4A55-92EF-DCE7B0D231BD}.Debug|x64.Build.0 = Debug|x64
		{4866E386-3F59-4A55-92EF-DCE7B0D231BD}.Debug|x86.ActiveCfg = Debug|Win32
		{4866E386-3F59-4A55-92EF-DCE7B0D231BD}.Debug|x86.Build.0 = Debug|Win32
		{4866E386-3F59-4A55-92EF-DCE7B0D231BD}.Release|x64.ActiveCfg = Release|x64
		{4866E386-3F59-4A55-92EF-DCE7B0D231BD}.Release|x64.Build.0 = Release|x64
		{4866E386-3F59-4A55-92EF-DCE7B0D231BD}.Release|x86.ActiveCfg = Release|Win32
		{4866E386-3F59-4A55-92EF-DCE7B0D231BD}.Release|x86.Build.0 = Release|Win32
		{838B41FC-DF89-43CF-AADF-6EE852F118B6}.Debug|x64.ActiveCfg = Debug|x64
		{838B41FC-DF89-43CF-AADF-6EE852F118B6}.Debug|x64.Build.0 = Debug|x64
		{838B41FC-DF89-43CF-AADF-6EE852F118B6}.Debug|x86.ActiveCfg = Debug|Win32
		{838B41FC-DF89-43CF-AADF-6EE852F118B6}.Debug|x86.Build.0 = Debug|Win32
		{838B41FC-DF89-43CF-AADF-6EE852F118B6}.Release|x64.ActiveCfg = Release|x64
		{838B41FC-DF89-43CF-AADF-6EE852F118B6}.Release|x64.Build.0 = Release|x64
		{838B41FC-DF89-43CF-AADF-6EE852F118B6}.Release|x86.ActiveCfg = Release|Win32
		{838B41FC-DF89-43CF-AADF-6EE852F118B6}.Release|x86.Build.0 = Release|Win32
		{A9961349-28DB-4835-8524-9011573DF156}.Debug|x64.ActiveCfg = Debug|x64
		{A9961349-28DB-4835-8524-9011573DF156}.Debug|x64.Build.0 = Debug|x64
		{A9961349-28DB-4835-8524-9011573DF156}.Debug|x86.ActiveCfg = Debug|Win32
		{A9961349-28DB-4835-8524-9011573DF156}.Debug|x86.Build.0 = Debug|Win32
		{A9961349-28DB-4835-8524-9011573DF156}.Release|x64.ActiveCfg = Release|x64
		{A9961349-28DB-4835-8524-9011573DF156}.Release|x64.Build.0 = Release|x64
		{A9961349-28DB-4835-8524-9011573DF156}.Release|x86.ActiveCfg = Release|Win32
		{A9961349-28DB-4835-8524-9011573DF156}.Release|x86.Build.0 = Release|Win32
		{995403C7-4E74-4914-90F4-B085A5008B76}.Debug|x64.ActiveCfg = Debug|x64
		{995403C7-4E74-4914-90F4-B085A5008B76}.Debug|x64.Build.0 = Debug|x64
		{995403C7-4E74-4914-90F4-B085A5008B76}.Debug|x86.ActiveCfg = Debug|Win32
		{995403C7-4E74-4914-90F4-B085A5008B76}.Debug|x86.Build.0 = Debug|Win32
		{995403C7-4E74-4914-90F4-B085A5008B76}.Release|x64.ActiveCfg = Release|x64
		{995403C7-4E74-4914-90F4-B085A5008B76}.Release|x64.Build.0 = Release|x64
		{995403C7-4E74-4914-90F4-B085A5008B76}.Release|x86.ActiveCfg = Release|Win32
		{995403C7-4E74-4914-90F4-B085A5008B76}.Release|x86.Build.0 = Release|Win32
	EndGlobalSection
	GlobalSection(SolutionProperties) = preSolution
		HideSolutionNode = FALSE
	EndGlobalSection
	GlobalSection(ExtensibilityGlobals) = postSolution
		SolutionGuid = {34DE5509-DF0A-4FEB-9969-3F31F0CA8F8A}
	EndGlobalSection
EndGlobal
