
Microsoft Visual Studio Solution File, Format Version 12.00
# Visual Studio Version 17
VisualStudioVersion = 17.14.36511.14
MinimumVisualStudioVersion = 10.0.40219.1
Project("{8BC9CEB8-8B4A-11D0-8D11-00A0C91BC942}") = "Project1", "Project1\Project1.vcxproj", "{80EF0FA8-9A7F-4E9A-95E5-328145E0E131}"
EndProject
Project("{8BC9CEB8-8B4A-11D0-8D11-00A0C91BC942}") = "Project2", "Project2\Project2.vcxproj", "{FA0B6F1F-1473-4DEE-B147-60D61F73EF2D}"
EndProject
Project("{8BC9CEB8-8B4A-11D0-8D11-00A0C91BC942}") = "Project3", "Project3\Project3.vcxproj", "{C4440D6A-FCA9-439C-8B82-01BBE0673D0E}"
EndProject
Project("{8BC9CEB8-8B4A-11D0-8D11-00A0C91BC942}") = "Project4", "Project4\Project4.vcxproj", "{18129590-96EE-4F04-AD2C-E8C6DED77337}"
EndProject
Project("{8BC9CEB8-8B4A-11D0-8D11-00A0C91BC942}") = "Project5", "Project5\Project5.vcxproj", "{475BE1E1-1BC4-4BB8-B269-7785E25F9A69}"
EndProject
Project("{8BC9CEB8-8B4A-11D0-8D11-00A0C91BC942}") = "Project6", "Project6\Project6.vcxproj", "{514CED32-0FCD-4A47-B9EB-752BF3D36C59}"
EndProject
Project("{8BC9CEB8-8B4A-11D0-8D11-00A0C91BC942}") = "Project7", "Project7\Project7.vcxproj", "{71794D88-9A71-4B50-9543-1485F0A0CD48}"
EndProject
Global
	GlobalSection(SolutionConfigurationPlatforms) = preSolution
		Debug|x64 = Debug|x64
		Debug|x86 = Debug|x86
		Release|x64 = Release|x64
		Release|x86 = Release|x86
	EndGlobalSection
	GlobalSection(ProjectConfigurationPlatforms) = postSolution
		{80EF0FA8-9A7F-4E9A-95E5-328145E0E131}.Debug|x64.ActiveCfg = Debug|x64
		{80EF0FA8-9A7F-4E9A-95E5-328145E0E131}.Debug|x64.Build.0 = Debug|x64
		{80EF0FA8-9A7F-4E9A-95E5-328145E0E131}.Debug|x86.ActiveCfg = Debug|Win32
		{80EF0FA8-9A7F-4E9A-95E5-328145E0E131}.Debug|x86.Build.0 = Debug|Win32
		{80EF0FA8-9A7F-4E9A-95E5-328145E0E131}.Release|x64.ActiveCfg = Release|x64
		{80EF0FA8-9A7F-4E9A-95E5-328145E0E131}.Release|x64.Build.0 = Release|x64
		{80EF0FA8-9A7F-4E9A-95E5-328145E0E131}.Release|x86.ActiveCfg = Release|Win32
		{80EF0FA8-9A7F-4E9A-95E5-328145E0E131}.Release|x86.Build.0 = Release|Win32
		{FA0B6F1F-1473-4DEE-B147-60D61F73EF2D}.Debug|x64.ActiveCfg = Debug|x64
		{FA0B6F1F-1473-4DEE-B147-60D61F73EF2D}.Debug|x64.Build.0 = Debug|x64
		{FA0B6F1F-1473-4DEE-B147-60D61F73EF2D}.Debug|x86.ActiveCfg = Debug|Win32
		{FA0B6F1F-1473-4DEE-B147-60D61F73EF2D}.Debug|x86.Build.0 = Debug|Win32
		{FA0B6F1F-1473-4DEE-B147-60D61F73EF2D}.Release|x64.ActiveCfg = Release|x64
		{FA0B6F1F-1473-4DEE-B147-60D61F73EF2D}.Release|x64.Build.0 = Release|x64
		{FA0B6F1F-1473-4DEE-B147-60D61F73EF2D}.Release|x86.ActiveCfg = Release|Win32
		{FA0B6F1F-1473-4DEE-B147-60D61F73EF2D}.Release|x86.Build.0 = Release|Win32
		{C4440D6A-FCA9-439C-8B82-01BBE0673D0E}.Debug|x64.ActiveCfg = Debug|x64
		{C4440D6A-FCA9-439C-8B82-01BBE0673D0E}.Debug|x64.Build.0 = Debug|x64
		{C4440D6A-FCA9-439C-8B82-01BBE0673D0E}.Debug|x86.ActiveCfg = Debug|Win32
		{C4440D6A-FCA9-439C-8B82-01BBE0673D0E}.Debug|x86.Build.0 = Debug|Win32
		{C4440D6A-FCA9-439C-8B82-01BBE0673D0E}.Release|x64.ActiveCfg = Release|x64
		{C4440D6A-FCA9-439C-8B82-01BBE0673D0E}.Release|x64.Build.0 = Release|x64
		{C4440D6A-FCA9-439C-8B82-01BBE0673D0E}.Release|x86.ActiveCfg = Release|Win32
		{C4440D6A-FCA9-439C-8B82-01BBE0673D0E}.Release|x86.Build.0 = Release|Win32
		{18129590-96EE-4F04-AD2C-E8C6DED77337}.Debug|x64.ActiveCfg = Debug|x64
		{18129590-96EE-4F04-AD2C-E8C6DED77337}.Debug|x64.Build.0 = Debug|x64
		{18129590-96EE-4F04-AD2C-E8C6DED77337}.Debug|x86.ActiveCfg = Debug|Win32
		{18129590-96EE-4F04-AD2C-E8C6DED77337}.Debug|x86.Build.0 = Debug|Win32
		{18129590-96EE-4F04-AD2C-E8C6DED77337}.Release|x64.ActiveCfg = Release|x64
		{18129590-96EE-4F04-AD2C-E8C6DED77337}.Release|x64.Build.0 = Release|x64
		{18129590-96EE-4F04-AD2C-E8C6DED77337}.Release|x86.ActiveCfg = Release|Win32
		{18129590-96EE-4F04-AD2C-E8C6DED77337}.Release|x86.Build.0 = Release|Win32
		{475BE1E1-1BC4-4BB8-B269-7785E25F9A69}.Debug|x64.ActiveCfg = Debug|x64
		{475BE1E1-1BC4-4BB8-B269-7785E25F9A69}.Debug|x64.Build.0 = Debug|x64
		{475BE1E1-1BC4-4BB8-B269-7785E25F9A69}.Debug|x86.ActiveCfg = Debug|Win32
		{475BE1E1-1BC4-4BB8-B269-7785E25F9A69}.Debug|x86.Build.0 = Debug|Win32
		{475BE1E1-1BC4-4BB8-B269-7785E25F9A69}.Release|x64.ActiveCfg = Release|x64
		{475BE1E1-1BC4-4BB8-B269-7785E25F9A69}.Release|x64.Build.0 = Release|x64
		{475BE1E1-1BC4-4BB8-B269-7785E25F9A69}.Release|x86.ActiveCfg = Release|Win32
		{475BE1E1-1BC4-4BB8-B269-7785E25F9A69}.Release|x86.Build.0 = Release|Win32
		{514CED32-0FCD-4A47-B9EB-752BF3D36C59}.Debug|x64.ActiveCfg = Debug|x64
		{514CED32-0FCD-4A47-B9EB-752BF3D36C59}.Debug|x64.Build.0 = Debug|x64
		{514CED32-0FCD-4A47-B9EB-752BF3D36C59}.Debug|x86.ActiveCfg = Debug|Win32
		{514CED32-0FCD-4A47-B9EB-752BF3D36C59}.Debug|x86.Build.0 = Debug|Win32
		{514CED32-0FCD-4A47-B9EB-752BF3D36C59}.Release|x64.ActiveCfg = Release|x64
		{514CED32-0FCD-4A47-B9EB-752BF3D36C59}.Release|x64.Build.0 = Release|x64
		{514CED32-0FCD-4A47-B9EB-752BF3D36C59}.Release|x86.ActiveCfg = Release|Win32
		{514CED32-0FCD-4A47-B9EB-752BF3D36C59}.Release|x86.Build.0 = Release|Win32
		{71794D88-9A71-4B50-9543-1485F0A0CD48}.Debug|x64.ActiveCfg = Debug|x64
		{71794D88-9A71-4B50-9543-1485F0A0CD48}.Debug|x64.Build.0 = Debug|x64
		{71794D88-9A71-4B50-9543-1485F0A0CD48}.Debug|x86.ActiveCfg = Debug|Win32
		{71794D88-9A71-4B50-9543-1485F0A0CD48}.Debug|x86.Build.0 = Debug|Win32
		{71794D88-9A71-4B50-9543-1485F0A0CD48}.Release|x64.ActiveCfg = Release|x64
		{71794D88-9A71-4B50-9543-1485F0A0CD48}.Release|x64.Build.0 = Release|x64
		{71794D88-9A71-4B50-9543-1485F0A0CD48}.Release|x86.ActiveCfg = Release|Win32
		{71794D88-9A71-4B50-9543-1485F0A0CD48}.Release|x86.Build.0 = Release|Win32
	EndGlobalSection
	GlobalSection(SolutionProperties) = preSolution
		HideSolutionNode = FALSE
	EndGlobalSection
	GlobalSection(ExtensibilityGlobals) = postSolution
		SolutionGuid = {F9CF2809-70BD-4C22-AC1C-5E81663BD60E}
	EndGlobalSection
EndGlobal
