
Microsoft Visual Studio Solution File, Format Version 12.00
# Visual Studio Version 17
VisualStudioVersion = 17.14.36511.14 d17.14
MinimumVisualStudioVersion = 10.0.40219.1
Project("{8BC9CEB8-8B4A-11D0-8D11-00A0C91BC942}") = "problem1420", "problem1420\problem1420.vcxproj", "{9B70CE6B-928D-4088-9068-714E10AA3A4D}"
EndProject
Global
	GlobalSection(SolutionConfigurationPlatforms) = preSolution
		Debug|x64 = Debug|x64
		Debug|x86 = Debug|x86
		Release|x64 = Release|x64
		Release|x86 = Release|x86
	EndGlobalSection
	GlobalSection(ProjectConfigurationPlatforms) = postSolution
		{9B70CE6B-928D-4088-9068-714E10AA3A4D}.Debug|x64.ActiveCfg = Debug|x64
		{9B70CE6B-928D-4088-9068-714E10AA3A4D}.Debug|x64.Build.0 = Debug|x64
		{9B70CE6B-928D-4088-9068-714E10AA3A4D}.Debug|x86.ActiveCfg = Debug|Win32
		{9B70CE6B-928D-4088-9068-714E10AA3A4D}.Debug|x86.Build.0 = Debug|Win32
		{9B70CE6B-928D-4088-9068-714E10AA3A4D}.Release|x64.ActiveCfg = Release|x64
		{9B70CE6B-928D-4088-9068-714E10AA3A4D}.Release|x64.Build.0 = Release|x64
		{9B70CE6B-928D-4088-9068-714E10AA3A4D}.Release|x86.ActiveCfg = Release|Win32
		{9B70CE6B-928D-4088-9068-714E10AA3A4D}.Release|x86.Build.0 = Release|Win32
	EndGlobalSection
	GlobalSection(SolutionProperties) = preSolution
		HideSolutionNode = FALSE
	EndGlobalSection
	GlobalSection(ExtensibilityGlobals) = postSolution
		SolutionGuid = {ECCC9F54-967B-4887-BA68-D1EA5F08B118}
	EndGlobalSection
EndGlobal
